
Microsoft Visual Studio Solution File, Format Version 12.00
# Visual Studio Version 16
VisualStudioVersion = 16.0.28803.452
MinimumVisualStudioVersion = 10.0.40219.1
Project("{FAE04EC0-301F-11D3-BF4B-00C04F79EFBC}") = "MishMashOfAllProject", "MishMashOfAllProject\MishMashOfAllProject.csproj", "{C99CE0AA-F6B4-4104-A5FB-07C4D4A9ABAE}"
EndProject
Global
	GlobalSection(SolutionConfigurationPlatforms) = preSolution
		Debug|Any CPU = Debug|Any CPU
		Release|Any CPU = Release|Any CPU
	EndGlobalSection
	GlobalSection(ProjectConfigurationPlatforms) = postSolution
		{C99CE0AA-F6B4-4104-A5FB-07C4D4A9ABAE}.Debug|Any CPU.ActiveCfg = Debug|Any CPU
		{C99CE0AA-F6B4-4104-A5FB-07C4D4A9ABAE}.Debug|Any CPU.Build.0 = Debug|Any CPU
		{C99CE0AA-F6B4-4104-A5FB-07C4D4A9ABAE}.Release|Any CPU.ActiveCfg = Release|Any CPU
		{C99CE0AA-F6B4-4104-A5FB-07C4D4A9ABAE}.Release|Any CPU.Build.0 = Release|Any CPU
	EndGlobalSection
	GlobalSection(SolutionProperties) = preSolution
		HideSolutionNode = FALSE
	EndGlobalSection
	GlobalSection(ExtensibilityGlobals) = postSolution
		SolutionGuid = {93F86B91-D392-48A9-B500-DF66E21DCAEB}
	EndGlobalSection
EndGlobal
